
Microsoft Visual Studio Solution File, Format Version 10.00
# Visual Studio 2008
Project("{8BC9CEB8-8B4A-11D0-8D11-00A0C91BC942}") = "T04DETERM", "T04DETERM.vcproj", "{1A9ABC73-CF68-4DE7-BA66-B0B78F7DED0B}"
EndProject
Global
	GlobalSection(SolutionConfigurationPlatforms) = preSolution
		Debug|Win32 = Debug|Win32
		Release|Win32 = Release|Win32
	EndGlobalSection
	GlobalSection(ProjectConfigurationPlatforms) = postSolution
		{1A9ABC73-CF68-4DE7-BA66-B0B78F7DED0B}.Debug|Win32.ActiveCfg = Debug|Win32
		{1A9ABC73-CF68-4DE7-BA66-B0B78F7DED0B}.Debug|Win32.Build.0 = Debug|Win32
		{1A9ABC73-CF68-4DE7-BA66-B0B78F7DED0B}.Release|Win32.ActiveCfg = Release|Win32
		{1A9ABC73-CF68-4DE7-BA66-B0B78F7DED0B}.Release|Win32.Build.0 = Release|Win32
	EndGlobalSection
	GlobalSection(SolutionProperties) = preSolution
		HideSolutionNode = FALSE
	EndGlobalSection
EndGlobal
